// !$*UTF8*$!
{
	archiveVersion = 1;
	classes = {
	};
	objectVersion = 50;
	objects = {

/* Begin PBXBuildFile section */
		091CA0A6265EB904007A19BF /* RequestManager.swift in Sources */ = {isa = PBXBuildFile; fileRef = 091CA0A5265EB904007A19BF /* RequestManager.swift */; };
		091CA0AA265EBA24007A19BF /* Utils.swift in Sources */ = {isa = PBXBuildFile; fileRef = 091CA0A9265EBA24007A19BF /* Utils.swift */; };
		091CA0AE265EC41E007A19BF /* SplashProviderImpl.swift in Sources */ = {isa = PBXBuildFile; fileRef = 091CA0AD265EC41E007A19BF /* SplashProviderImpl.swift */; };
		091CA0B3265EC764007A19BF /* ResponseMenuModel.swift in Sources */ = {isa = PBXBuildFile; fileRef = 091CA0B2265EC764007A19BF /* ResponseMenuModel.swift */; };
		091CA0B6265ED294007A19BF /* SplashInteractorImpl.swift in Sources */ = {isa = PBXBuildFile; fileRef = 091CA0B5265ED294007A19BF /* SplashInteractorImpl.swift */; };
		091CA0BB265ED961007A19BF /* MenuViewModel.swift in Sources */ = {isa = PBXBuildFile; fileRef = 091CA0BA265ED961007A19BF /* MenuViewModel.swift */; };
		093113242661636800B3D557 /* TrainignTwoInteractorImpl.swift in Sources */ = {isa = PBXBuildFile; fileRef = 093113222661636800B3D557 /* TrainignTwoInteractorImpl.swift */; };
		093113252661636800B3D557 /* TrainignTwoAssembly.swift in Sources */ = {isa = PBXBuildFile; fileRef = 093113232661636800B3D557 /* TrainignTwoAssembly.swift */; };
		093113272661636800B3D557 /* TrainignTwoPresenterImpl.swift in Sources */ = {isa = PBXBuildFile; fileRef = 0931131E2661636800B3D557 /* TrainignTwoPresenterImpl.swift */; };
		093113282661636800B3D557 /* TrainignTwoRouterImpl.swift in Sources */ = {isa = PBXBuildFile; fileRef = 093113202661636800B3D557 /* TrainignTwoRouterImpl.swift */; };
		093113292661636800B3D557 /* TrainignTwoProviderImpl.swift in Sources */ = {isa = PBXBuildFile; fileRef = 0931131F2661636800B3D557 /* TrainignTwoProviderImpl.swift */; };
		09311337266164CF00B3D557 /* TrainingOneProviderImpl.swift in Sources */ = {isa = PBXBuildFile; fileRef = 09311333266164CF00B3D557 /* TrainingOneProviderImpl.swift */; };
		09311338266164CF00B3D557 /* TrainingOneRouterImpl.swift in Sources */ = {isa = PBXBuildFile; fileRef = 09311336266164CF00B3D557 /* TrainingOneRouterImpl.swift */; };
		09311339266164CF00B3D557 /* TrainingOnePresenterImpl.swift in Sources */ = {isa = PBXBuildFile; fileRef = 09311332266164CF00B3D557 /* TrainingOnePresenterImpl.swift */; };
		0931133A266164CF00B3D557 /* TrainingOneAssembly.swift in Sources */ = {isa = PBXBuildFile; fileRef = 09311331266164CF00B3D557 /* TrainingOneAssembly.swift */; };
		0931133B266164CF00B3D557 /* TrainingOneInteractorImpl.swift in Sources */ = {isa = PBXBuildFile; fileRef = 09311334266164CF00B3D557 /* TrainingOneInteractorImpl.swift */; };
		0931134A266166B000B3D557 /* MenuProviderImpl.swift in Sources */ = {isa = PBXBuildFile; fileRef = 09311347266166B000B3D557 /* MenuProviderImpl.swift */; };
		0931134B266166B000B3D557 /* MenuPresenterImpl.swift in Sources */ = {isa = PBXBuildFile; fileRef = 09311349266166B000B3D557 /* MenuPresenterImpl.swift */; };
		0931134C266166B000B3D557 /* MenuInteractorImpl.swift in Sources */ = {isa = PBXBuildFile; fileRef = 09311348266166B000B3D557 /* MenuInteractorImpl.swift */; };
		0931134D266166B000B3D557 /* MenuRouterImpl.swift in Sources */ = {isa = PBXBuildFile; fileRef = 09311344266166B000B3D557 /* MenuRouterImpl.swift */; };
		0931134F266166B000B3D557 /* MenuAssembly.swift in Sources */ = {isa = PBXBuildFile; fileRef = 09311343266166B000B3D557 /* MenuAssembly.swift */; };
		0931135526616D0200B3D557 /* TrainingOneViewController.swift in Sources */ = {isa = PBXBuildFile; fileRef = 0931135326616D0200B3D557 /* TrainingOneViewController.swift */; };
		0931135626616D0200B3D557 /* TrainingOneViewController.xib in Resources */ = {isa = PBXBuildFile; fileRef = 0931135426616D0200B3D557 /* TrainingOneViewController.xib */; };
		0931135B26616D4D00B3D557 /* MenuViewController.swift in Sources */ = {isa = PBXBuildFile; fileRef = 0931135926616D4D00B3D557 /* MenuViewController.swift */; };
		0931135C26616D4D00B3D557 /* MenuViewController.xib in Resources */ = {isa = PBXBuildFile; fileRef = 0931135A26616D4D00B3D557 /* MenuViewController.xib */; };
		0931136126616D9B00B3D557 /* TrainignTwoViewController.swift in Sources */ = {isa = PBXBuildFile; fileRef = 0931135F26616D9B00B3D557 /* TrainignTwoViewController.swift */; };
		0931136226616D9B00B3D557 /* TrainignTwoViewController.xib in Resources */ = {isa = PBXBuildFile; fileRef = 0931136026616D9B00B3D557 /* TrainignTwoViewController.xib */; };
		0931136726617BBA00B3D557 /* HeaderTableViewCell.swift in Sources */ = {isa = PBXBuildFile; fileRef = 0931136526617BBA00B3D557 /* HeaderTableViewCell.swift */; };
		0931136826617BBA00B3D557 /* HeaderTableViewCell.xib in Resources */ = {isa = PBXBuildFile; fileRef = 0931136626617BBA00B3D557 /* HeaderTableViewCell.xib */; };
		0931136D26617F9200B3D557 /* BodyTableViewCell.swift in Sources */ = {isa = PBXBuildFile; fileRef = 0931136B26617F9200B3D557 /* BodyTableViewCell.swift */; };
		0931136E26617F9200B3D557 /* BodyTableViewCell.xib in Resources */ = {isa = PBXBuildFile; fileRef = 0931136C26617F9200B3D557 /* BodyTableViewCell.xib */; };
		097ABF4626654AED009BBC29 /* NetworkError.swift in Sources */ = {isa = PBXBuildFile; fileRef = 097ABF4526654AED009BBC29 /* NetworkError.swift */; };
		097ABF4B266560EB009BBC29 /* CoreDataStack.swift in Sources */ = {isa = PBXBuildFile; fileRef = 097ABF4A266560EB009BBC29 /* CoreDataStack.swift */; };
		097ABF582665766C009BBC29 /* GenericWebViewAssembly.swift in Sources */ = {isa = PBXBuildFile; fileRef = 097ABF522665766B009BBC29 /* GenericWebViewAssembly.swift */; };
		097ABF592665766C009BBC29 /* GenericWebViewProviderImpl.swift in Sources */ = {isa = PBXBuildFile; fileRef = 097ABF562665766C009BBC29 /* GenericWebViewProviderImpl.swift */; };
		097ABF5A2665766C009BBC29 /* GenericWebViewPresenterImpl.swift in Sources */ = {isa = PBXBuildFile; fileRef = 097ABF552665766C009BBC29 /* GenericWebViewPresenterImpl.swift */; };
		097ABF5B2665766C009BBC29 /* GenericWebViewRouterImpl.swift in Sources */ = {isa = PBXBuildFile; fileRef = 097ABF532665766B009BBC29 /* GenericWebViewRouterImpl.swift */; };
		097ABF5D2665766C009BBC29 /* GenericWebViewInteractorImpl.swift in Sources */ = {isa = PBXBuildFile; fileRef = 097ABF572665766C009BBC29 /* GenericWebViewInteractorImpl.swift */; };
		097ABF6326657691009BBC29 /* GenericWebViewViewController.swift in Sources */ = {isa = PBXBuildFile; fileRef = 097ABF6126657691009BBC29 /* GenericWebViewViewController.swift */; };
		097ABF6426657691009BBC29 /* GenericWebViewViewController.xib in Resources */ = {isa = PBXBuildFile; fileRef = 097ABF6226657691009BBC29 /* GenericWebViewViewController.xib */; };
		09A983C32667F732003A4F11 /* TableViewManager.swift in Sources */ = {isa = PBXBuildFile; fileRef = 09A983C22667F732003A4F11 /* TableViewManager.swift */; };
		09A983C72667F806003A4F11 /* TablePresenterProtocol.swift in Sources */ = {isa = PBXBuildFile; fileRef = 09A983C62667F806003A4F11 /* TablePresenterProtocol.swift */; };
		09A983CA2667FF27003A4F11 /* FactoryCell.swift in Sources */ = {isa = PBXBuildFile; fileRef = 09A983C92667FF27003A4F11 /* FactoryCell.swift */; };
		09A983CF26680173003A4F11 /* ConsejosGneralesCell.swift in Sources */ = {isa = PBXBuildFile; fileRef = 09A983CD26680173003A4F11 /* ConsejosGneralesCell.swift */; };
		09A983D026680173003A4F11 /* ConsejosGneralesCell.xib in Resources */ = {isa = PBXBuildFile; fileRef = 09A983CE26680173003A4F11 /* ConsejosGneralesCell.xib */; };
		09A983D4266801C2003A4F11 /* BaseTableViewCell.swift in Sources */ = {isa = PBXBuildFile; fileRef = 09A983D3266801C2003A4F11 /* BaseTableViewCell.swift */; };
		09A983D7266808F5003A4F11 /* ConsejosGeneralesDrawer.swift in Sources */ = {isa = PBXBuildFile; fileRef = 09A983D6266808F5003A4F11 /* ConsejosGeneralesDrawer.swift */; };
		09BD46802660140B001D1A09 /* SWRevealViewController .m in Sources */ = {isa = PBXBuildFile; fileRef = 09BD467E2660140B001D1A09 /* SWRevealViewController .m */; };
		09BD468526601556001D1A09 /* HomeTabBarController.swift in Sources */ = {isa = PBXBuildFile; fileRef = 09BD468326601556001D1A09 /* HomeTabBarController.swift */; };
		09BD468626601556001D1A09 /* HomeTabBarController.xib in Resources */ = {isa = PBXBuildFile; fileRef = 09BD468426601556001D1A09 /* HomeTabBarController.xib */; };
		09BD468926601580001D1A09 /* HomeTabBarAssembly.swift in Sources */ = {isa = PBXBuildFile; fileRef = 09BD468826601580001D1A09 /* HomeTabBarAssembly.swift */; };
		09E1ED0D2666A30D00EA4ECC /* Localizable.strings in Resources */ = {isa = PBXBuildFile; fileRef = 09E1ED0F2666A30D00EA4ECC /* Localizable.strings */; };
		09E1ED142666A59800EA4ECC /* LocalizedKeys.swift in Sources */ = {isa = PBXBuildFile; fileRef = 09E1ED132666A59800EA4ECC /* LocalizedKeys.swift */; };
		09E1ED1B2666A7B300EA4ECC /* AlertDefaultViewController.swift in Sources */ = {isa = PBXBuildFile; fileRef = 09E1ED192666A7B300EA4ECC /* AlertDefaultViewController.swift */; };
		09E1ED1C2666A7B300EA4ECC /* AlertDefaultViewController.xib in Resources */ = {isa = PBXBuildFile; fileRef = 09E1ED1A2666A7B300EA4ECC /* AlertDefaultViewController.xib */; };
		09E1ED212666AEBF00EA4ECC /* AlertDefaultViewModel.swift in Sources */ = {isa = PBXBuildFile; fileRef = 09E1ED202666AEBF00EA4ECC /* AlertDefaultViewModel.swift */; };
		09E1ED272666BBEC00EA4ECC /* ResponseConsejosModel.swift in Sources */ = {isa = PBXBuildFile; fileRef = 09E1ED262666BBEC00EA4ECC /* ResponseConsejosModel.swift */; };
		09E1ED342666BC7600EA4ECC /* ConsejosAssembly.swift in Sources */ = {isa = PBXBuildFile; fileRef = 09E1ED332666BC7600EA4ECC /* ConsejosAssembly.swift */; };
		09E1ED382666BC7600EA4ECC /* ConsejosRouterImpl.swift in Sources */ = {isa = PBXBuildFile; fileRef = 09E1ED2F2666BC7500EA4ECC /* ConsejosRouterImpl.swift */; };
		09E1ED392666BC7600EA4ECC /* ConsejosPresenterImpl.swift in Sources */ = {isa = PBXBuildFile; fileRef = 09E1ED312666BC7600EA4ECC /* ConsejosPresenterImpl.swift */; };
		09E1ED3F2666BC9F00EA4ECC /* ConsejosViewController.swift in Sources */ = {isa = PBXBuildFile; fileRef = 09E1ED3D2666BC9F00EA4ECC /* ConsejosViewController.swift */; };
		09E1ED402666BC9F00EA4ECC /* ConsejosViewController.xib in Resources */ = {isa = PBXBuildFile; fileRef = 09E1ED3E2666BC9F00EA4ECC /* ConsejosViewController.xib */; };
		09FDA25D265D6D45005FC381 /* SplashPresenterImpl.swift in Sources */ = {isa = PBXBuildFile; fileRef = 09FDA25C265D6D45005FC381 /* SplashPresenterImpl.swift */; };
		09FDA260265D6EE5005FC381 /* SplashRouterImpl.swift in Sources */ = {isa = PBXBuildFile; fileRef = 09FDA25F265D6EE5005FC381 /* SplashRouterImpl.swift */; };
		09FDA263265D71BA005FC381 /* SplashAssembly.swift in Sources */ = {isa = PBXBuildFile; fileRef = 09FDA262265D71BA005FC381 /* SplashAssembly.swift */; };
		09FDA267265D72F9005FC381 /* ReuseIdentifier.swift in Sources */ = {isa = PBXBuildFile; fileRef = 09FDA266265D72F9005FC381 /* ReuseIdentifier.swift */; };
		B4330000265C257A007DE3C7 /* SplashViewController.xib in Resources */ = {isa = PBXBuildFile; fileRef = B433FFFE265C257A007DE3C7 /* SplashViewController.xib */; };
		B4330006265C3141007DE3C7 /* AppAssembly.swift in Sources */ = {isa = PBXBuildFile; fileRef = B4330005265C3141007DE3C7 /* AppAssembly.swift */; };
		B433000C265C38F3007DE3C7 /* BaseVIPER.swift in Sources */ = {isa = PBXBuildFile; fileRef = B433000B265C38F3007DE3C7 /* BaseVIPER.swift */; };
		B433FFE5265C2456007DE3C7 /* AppDelegate.swift in Sources */ = {isa = PBXBuildFile; fileRef = B433FFE4265C2456007DE3C7 /* AppDelegate.swift */; };
		B433FFEE265C245A007DE3C7 /* Assets.xcassets in Resources */ = {isa = PBXBuildFile; fileRef = B433FFED265C245A007DE3C7 /* Assets.xcassets */; };
		B433FFF1265C245A007DE3C7 /* LaunchScreen.storyboard in Resources */ = {isa = PBXBuildFile; fileRef = B433FFEF265C245A007DE3C7 /* LaunchScreen.storyboard */; };
		B433FFFF265C257A007DE3C7 /* SplashViewController.swift in Sources */ = {isa = PBXBuildFile; fileRef = B433FFFD265C257A007DE3C7 /* SplashViewController.swift */; };
/* End PBXBuildFile section */

/* Begin PBXFileReference section */
		091CA0A5265EB904007A19BF /* RequestManager.swift */ = {isa = PBXFileReference; lastKnownFileType = sourcecode.swift; path = RequestManager.swift; sourceTree = "<group>"; };
		091CA0A9265EBA24007A19BF /* Utils.swift */ = {isa = PBXFileReference; lastKnownFileType = sourcecode.swift; path = Utils.swift; sourceTree = "<group>"; };
		091CA0AD265EC41E007A19BF /* SplashProviderImpl.swift */ = {isa = PBXFileReference; lastKnownFileType = sourcecode.swift; path = SplashProviderImpl.swift; sourceTree = "<group>"; };
		091CA0B2265EC764007A19BF /* ResponseMenuModel.swift */ = {isa = PBXFileReference; lastKnownFileType = sourcecode.swift; path = ResponseMenuModel.swift; sourceTree = "<group>"; };
		091CA0B5265ED294007A19BF /* SplashInteractorImpl.swift */ = {isa = PBXFileReference; lastKnownFileType = sourcecode.swift; path = SplashInteractorImpl.swift; sourceTree = "<group>"; };
		091CA0BA265ED961007A19BF /* MenuViewModel.swift */ = {isa = PBXFileReference; lastKnownFileType = sourcecode.swift; path = MenuViewModel.swift; sourceTree = "<group>"; };
		0931131E2661636800B3D557 /* TrainignTwoPresenterImpl.swift */ = {isa = PBXFileReference; lastKnownFileType = sourcecode.swift; path = TrainignTwoPresenterImpl.swift; sourceTree = "<group>"; };
		0931131F2661636800B3D557 /* TrainignTwoProviderImpl.swift */ = {isa = PBXFileReference; lastKnownFileType = sourcecode.swift; path = TrainignTwoProviderImpl.swift; sourceTree = "<group>"; };
		093113202661636800B3D557 /* TrainignTwoRouterImpl.swift */ = {isa = PBXFileReference; lastKnownFileType = sourcecode.swift; path = TrainignTwoRouterImpl.swift; sourceTree = "<group>"; };
		093113222661636800B3D557 /* TrainignTwoInteractorImpl.swift */ = {isa = PBXFileReference; lastKnownFileType = sourcecode.swift; path = TrainignTwoInteractorImpl.swift; sourceTree = "<group>"; };
		093113232661636800B3D557 /* TrainignTwoAssembly.swift */ = {isa = PBXFileReference; lastKnownFileType = sourcecode.swift; path = TrainignTwoAssembly.swift; sourceTree = "<group>"; };
		09311331266164CF00B3D557 /* TrainingOneAssembly.swift */ = {isa = PBXFileReference; lastKnownFileType = sourcecode.swift; path = TrainingOneAssembly.swift; sourceTree = "<group>"; };
		09311332266164CF00B3D557 /* TrainingOnePresenterImpl.swift */ = {isa = PBXFileReference; lastKnownFileType = sourcecode.swift; path = TrainingOnePresenterImpl.swift; sourceTree = "<group>"; };
		09311333266164CF00B3D557 /* TrainingOneProviderImpl.swift */ = {isa = PBXFileReference; lastKnownFileType = sourcecode.swift; path = TrainingOneProviderImpl.swift; sourceTree = "<group>"; };
		09311334266164CF00B3D557 /* TrainingOneInteractorImpl.swift */ = {isa = PBXFileReference; lastKnownFileType = sourcecode.swift; path = TrainingOneInteractorImpl.swift; sourceTree = "<group>"; };
		09311336266164CF00B3D557 /* TrainingOneRouterImpl.swift */ = {isa = PBXFileReference; lastKnownFileType = sourcecode.swift; path = TrainingOneRouterImpl.swift; sourceTree = "<group>"; };
		09311343266166B000B3D557 /* MenuAssembly.swift */ = {isa = PBXFileReference; lastKnownFileType = sourcecode.swift; path = MenuAssembly.swift; sourceTree = "<group>"; };
		09311344266166B000B3D557 /* MenuRouterImpl.swift */ = {isa = PBXFileReference; lastKnownFileType = sourcecode.swift; path = MenuRouterImpl.swift; sourceTree = "<group>"; };
		09311347266166B000B3D557 /* MenuProviderImpl.swift */ = {isa = PBXFileReference; lastKnownFileType = sourcecode.swift; path = MenuProviderImpl.swift; sourceTree = "<group>"; };
		09311348266166B000B3D557 /* MenuInteractorImpl.swift */ = {isa = PBXFileReference; lastKnownFileType = sourcecode.swift; path = MenuInteractorImpl.swift; sourceTree = "<group>"; };
		09311349266166B000B3D557 /* MenuPresenterImpl.swift */ = {isa = PBXFileReference; lastKnownFileType = sourcecode.swift; path = MenuPresenterImpl.swift; sourceTree = "<group>"; };
		0931135326616D0200B3D557 /* TrainingOneViewController.swift */ = {isa = PBXFileReference; lastKnownFileType = sourcecode.swift; path = TrainingOneViewController.swift; sourceTree = "<group>"; };
		0931135426616D0200B3D557 /* TrainingOneViewController.xib */ = {isa = PBXFileReference; lastKnownFileType = file.xib; path = TrainingOneViewController.xib; sourceTree = "<group>"; };
		0931135926616D4D00B3D557 /* MenuViewController.swift */ = {isa = PBXFileReference; lastKnownFileType = sourcecode.swift; path = MenuViewController.swift; sourceTree = "<group>"; };
		0931135A26616D4D00B3D557 /* MenuViewController.xib */ = {isa = PBXFileReference; lastKnownFileType = file.xib; path = MenuViewController.xib; sourceTree = "<group>"; };
		0931135F26616D9B00B3D557 /* TrainignTwoViewController.swift */ = {isa = PBXFileReference; lastKnownFileType = sourcecode.swift; path = TrainignTwoViewController.swift; sourceTree = "<group>"; };
		0931136026616D9B00B3D557 /* TrainignTwoViewController.xib */ = {isa = PBXFileReference; lastKnownFileType = file.xib; path = TrainignTwoViewController.xib; sourceTree = "<group>"; };
		0931136526617BBA00B3D557 /* HeaderTableViewCell.swift */ = {isa = PBXFileReference; lastKnownFileType = sourcecode.swift; path = HeaderTableViewCell.swift; sourceTree = "<group>"; };
		0931136626617BBA00B3D557 /* HeaderTableViewCell.xib */ = {isa = PBXFileReference; lastKnownFileType = file.xib; path = HeaderTableViewCell.xib; sourceTree = "<group>"; };
		0931136B26617F9200B3D557 /* BodyTableViewCell.swift */ = {isa = PBXFileReference; lastKnownFileType = sourcecode.swift; path = BodyTableViewCell.swift; sourceTree = "<group>"; };
		0931136C26617F9200B3D557 /* BodyTableViewCell.xib */ = {isa = PBXFileReference; lastKnownFileType = file.xib; path = BodyTableViewCell.xib; sourceTree = "<group>"; };
		097ABF4526654AED009BBC29 /* NetworkError.swift */ = {isa = PBXFileReference; fileEncoding = 4; lastKnownFileType = sourcecode.swift; path = NetworkError.swift; sourceTree = "<group>"; };
		097ABF4A266560EB009BBC29 /* CoreDataStack.swift */ = {isa = PBXFileReference; lastKnownFileType = sourcecode.swift; path = CoreDataStack.swift; sourceTree = "<group>"; };
		097ABF522665766B009BBC29 /* GenericWebViewAssembly.swift */ = {isa = PBXFileReference; lastKnownFileType = sourcecode.swift; path = GenericWebViewAssembly.swift; sourceTree = "<group>"; };
		097ABF532665766B009BBC29 /* GenericWebViewRouterImpl.swift */ = {isa = PBXFileReference; lastKnownFileType = sourcecode.swift; path = GenericWebViewRouterImpl.swift; sourceTree = "<group>"; };
		097ABF552665766C009BBC29 /* GenericWebViewPresenterImpl.swift */ = {isa = PBXFileReference; lastKnownFileType = sourcecode.swift; path = GenericWebViewPresenterImpl.swift; sourceTree = "<group>"; };
		097ABF562665766C009BBC29 /* GenericWebViewProviderImpl.swift */ = {isa = PBXFileReference; lastKnownFileType = sourcecode.swift; path = GenericWebViewProviderImpl.swift; sourceTree = "<group>"; };
		097ABF572665766C009BBC29 /* GenericWebViewInteractorImpl.swift */ = {isa = PBXFileReference; lastKnownFileType = sourcecode.swift; path = GenericWebViewInteractorImpl.swift; sourceTree = "<group>"; };
		097ABF6126657691009BBC29 /* GenericWebViewViewController.swift */ = {isa = PBXFileReference; lastKnownFileType = sourcecode.swift; path = GenericWebViewViewController.swift; sourceTree = "<group>"; };
		097ABF6226657691009BBC29 /* GenericWebViewViewController.xib */ = {isa = PBXFileReference; lastKnownFileType = file.xib; path = GenericWebViewViewController.xib; sourceTree = "<group>"; };
		09A983C22667F732003A4F11 /* TableViewManager.swift */ = {isa = PBXFileReference; lastKnownFileType = sourcecode.swift; path = TableViewManager.swift; sourceTree = "<group>"; };
		09A983C62667F806003A4F11 /* TablePresenterProtocol.swift */ = {isa = PBXFileReference; lastKnownFileType = sourcecode.swift; path = TablePresenterProtocol.swift; sourceTree = "<group>"; };
		09A983C92667FF27003A4F11 /* FactoryCell.swift */ = {isa = PBXFileReference; lastKnownFileType = sourcecode.swift; path = FactoryCell.swift; sourceTree = "<group>"; };
		09A983CD26680173003A4F11 /* ConsejosGneralesCell.swift */ = {isa = PBXFileReference; lastKnownFileType = sourcecode.swift; path = ConsejosGneralesCell.swift; sourceTree = "<group>"; };
		09A983CE26680173003A4F11 /* ConsejosGneralesCell.xib */ = {isa = PBXFileReference; lastKnownFileType = file.xib; path = ConsejosGneralesCell.xib; sourceTree = "<group>"; };
		09A983D3266801C2003A4F11 /* BaseTableViewCell.swift */ = {isa = PBXFileReference; lastKnownFileType = sourcecode.swift; path = BaseTableViewCell.swift; sourceTree = "<group>"; };
		09A983D6266808F5003A4F11 /* ConsejosGeneralesDrawer.swift */ = {isa = PBXFileReference; lastKnownFileType = sourcecode.swift; path = ConsejosGeneralesDrawer.swift; sourceTree = "<group>"; };
		09BD467D2660140A001D1A09 /* CiceSports-Bridging-Header.h */ = {isa = PBXFileReference; lastKnownFileType = sourcecode.c.h; path = "CiceSports-Bridging-Header.h"; sourceTree = "<group>"; };
		09BD467E2660140B001D1A09 /* SWRevealViewController .m */ = {isa = PBXFileReference; fileEncoding = 4; lastKnownFileType = sourcecode.c.objc; path = "SWRevealViewController .m"; sourceTree = "<group>"; };
		09BD467F2660140B001D1A09 /* SWRevealViewController.h */ = {isa = PBXFileReference; fileEncoding = 4; lastKnownFileType = sourcecode.c.h; path = SWRevealViewController.h; sourceTree = "<group>"; };
		09BD468326601556001D1A09 /* HomeTabBarController.swift */ = {isa = PBXFileReference; lastKnownFileType = sourcecode.swift; path = HomeTabBarController.swift; sourceTree = "<group>"; };
		09BD468426601556001D1A09 /* HomeTabBarController.xib */ = {isa = PBXFileReference; lastKnownFileType = file.xib; path = HomeTabBarController.xib; sourceTree = "<group>"; };
		09BD468826601580001D1A09 /* HomeTabBarAssembly.swift */ = {isa = PBXFileReference; lastKnownFileType = sourcecode.swift; path = HomeTabBarAssembly.swift; sourceTree = "<group>"; };
		09E1ED0E2666A30D00EA4ECC /* en */ = {isa = PBXFileReference; lastKnownFileType = text.plist.strings; name = en; path = en.lproj/Localizable.strings; sourceTree = "<group>"; };
		09E1ED112666A33A00EA4ECC /* es */ = {isa = PBXFileReference; lastKnownFileType = text.plist.strings; name = es; path = es.lproj/Localizable.strings; sourceTree = "<group>"; };
		09E1ED122666A37300EA4ECC /* fr */ = {isa = PBXFileReference; lastKnownFileType = text.plist.strings; name = fr; path = fr.lproj/Localizable.strings; sourceTree = "<group>"; };
		09E1ED132666A59800EA4ECC /* LocalizedKeys.swift */ = {isa = PBXFileReference; lastKnownFileType = sourcecode.swift; path = LocalizedKeys.swift; sourceTree = "<group>"; };
		09E1ED192666A7B300EA4ECC /* AlertDefaultViewController.swift */ = {isa = PBXFileReference; lastKnownFileType = sourcecode.swift; path = AlertDefaultViewController.swift; sourceTree = "<group>"; };
		09E1ED1A2666A7B300EA4ECC /* AlertDefaultViewController.xib */ = {isa = PBXFileReference; lastKnownFileType = file.xib; path = AlertDefaultViewController.xib; sourceTree = "<group>"; };
		09E1ED202666AEBF00EA4ECC /* AlertDefaultViewModel.swift */ = {isa = PBXFileReference; lastKnownFileType = sourcecode.swift; path = AlertDefaultViewModel.swift; sourceTree = "<group>"; };
		09E1ED262666BBEC00EA4ECC /* ResponseConsejosModel.swift */ = {isa = PBXFileReference; lastKnownFileType = sourcecode.swift; path = ResponseConsejosModel.swift; sourceTree = "<group>"; };
		09E1ED2F2666BC7500EA4ECC /* ConsejosRouterImpl.swift */ = {isa = PBXFileReference; lastKnownFileType = sourcecode.swift; path = ConsejosRouterImpl.swift; sourceTree = "<group>"; };
		09E1ED312666BC7600EA4ECC /* ConsejosPresenterImpl.swift */ = {isa = PBXFileReference; lastKnownFileType = sourcecode.swift; path = ConsejosPresenterImpl.swift; sourceTree = "<group>"; };
		09E1ED332666BC7600EA4ECC /* ConsejosAssembly.swift */ = {isa = PBXFileReference; lastKnownFileType = sourcecode.swift; path = ConsejosAssembly.swift; sourceTree = "<group>"; };
		09E1ED3D2666BC9F00EA4ECC /* ConsejosViewController.swift */ = {isa = PBXFileReference; lastKnownFileType = sourcecode.swift; path = ConsejosViewController.swift; sourceTree = "<group>"; };
		09E1ED3E2666BC9F00EA4ECC /* ConsejosViewController.xib */ = {isa = PBXFileReference; lastKnownFileType = file.xib; path = ConsejosViewController.xib; sourceTree = "<group>"; };
		09FDA25C265D6D45005FC381 /* SplashPresenterImpl.swift */ = {isa = PBXFileReference; lastKnownFileType = sourcecode.swift; path = SplashPresenterImpl.swift; sourceTree = "<group>"; };
		09FDA25F265D6EE5005FC381 /* SplashRouterImpl.swift */ = {isa = PBXFileReference; lastKnownFileType = sourcecode.swift; path = SplashRouterImpl.swift; sourceTree = "<group>"; };
		09FDA262265D71BA005FC381 /* SplashAssembly.swift */ = {isa = PBXFileReference; lastKnownFileType = sourcecode.swift; path = SplashAssembly.swift; sourceTree = "<group>"; };
		09FDA266265D72F9005FC381 /* ReuseIdentifier.swift */ = {isa = PBXFileReference; lastKnownFileType = sourcecode.swift; path = ReuseIdentifier.swift; sourceTree = "<group>"; };
		B4330005265C3141007DE3C7 /* AppAssembly.swift */ = {isa = PBXFileReference; lastKnownFileType = sourcecode.swift; path = AppAssembly.swift; sourceTree = "<group>"; };
		B433000B265C38F3007DE3C7 /* BaseVIPER.swift */ = {isa = PBXFileReference; lastKnownFileType = sourcecode.swift; path = BaseVIPER.swift; sourceTree = "<group>"; };
		B433FFE1265C2456007DE3C7 /* CiceSports.app */ = {isa = PBXFileReference; explicitFileType = wrapper.application; includeInIndex = 0; path = CiceSports.app; sourceTree = BUILT_PRODUCTS_DIR; };
		B433FFE4265C2456007DE3C7 /* AppDelegate.swift */ = {isa = PBXFileReference; lastKnownFileType = sourcecode.swift; path = AppDelegate.swift; sourceTree = "<group>"; };
		B433FFED265C245A007DE3C7 /* Assets.xcassets */ = {isa = PBXFileReference; lastKnownFileType = folder.assetcatalog; path = Assets.xcassets; sourceTree = "<group>"; };
		B433FFF0265C245A007DE3C7 /* Base */ = {isa = PBXFileReference; lastKnownFileType = file.storyboard; name = Base; path = Base.lproj/LaunchScreen.storyboard; sourceTree = "<group>"; };
		B433FFF2265C245A007DE3C7 /* Info.plist */ = {isa = PBXFileReference; lastKnownFileType = text.plist.xml; path = Info.plist; sourceTree = "<group>"; };
		B433FFFD265C257A007DE3C7 /* SplashViewController.swift */ = {isa = PBXFileReference; lastKnownFileType = sourcecode.swift; path = SplashViewController.swift; sourceTree = "<group>"; };
		B433FFFE265C257A007DE3C7 /* SplashViewController.xib */ = {isa = PBXFileReference; lastKnownFileType = file.xib; path = SplashViewController.xib; sourceTree = "<group>"; };
/* End PBXFileReference section */

/* Begin PBXFrameworksBuildPhase section */
		B433FFDE265C2456007DE3C7 /* Frameworks */ = {
			isa = PBXFrameworksBuildPhase;
			buildActionMask = 2147483647;
			files = (
			);
			runOnlyForDeploymentPostprocessing = 0;
		};
/* End PBXFrameworksBuildPhase section */

/* Begin PBXGroup section */
		091CA0A4265EB8CD007A19BF /* Managers */ = {
			isa = PBXGroup;
			children = (
				09A983C12667F671003A4F11 /* TableView */,
				097ABF4526654AED009BBC29 /* NetworkError.swift */,
				091CA0A5265EB904007A19BF /* RequestManager.swift */,
				097ABF4A266560EB009BBC29 /* CoreDataStack.swift */,
			);
			path = Managers;
			sourceTree = "<group>";
		};
		091CA0A8265EBA14007A19BF /* Utils */ = {
			isa = PBXGroup;
			children = (
				091CA0A9265EBA24007A19BF /* Utils.swift */,
				09E1ED132666A59800EA4ECC /* LocalizedKeys.swift */,
			);
			path = Utils;
			sourceTree = "<group>";
		};
		091CA0AC265EC3F0007A19BF /* Infrastructure */ = {
			isa = PBXGroup;
			children = (
				091CA0B1265EC6DF007A19BF /* ServerModel */,
				09FDA262265D71BA005FC381 /* SplashAssembly.swift */,
				091CA0AD265EC41E007A19BF /* SplashProviderImpl.swift */,
			);
			path = Infrastructure;
			sourceTree = "<group>";
		};
		091CA0B1265EC6DF007A19BF /* ServerModel */ = {
			isa = PBXGroup;
			children = (
				091CA0B2265EC764007A19BF /* ResponseMenuModel.swift */,
			);
			path = ServerModel;
			sourceTree = "<group>";
		};
		091CA0B8265ED93F007A19BF /* ViewModel */ = {
			isa = PBXGroup;
			children = (
				091CA0BA265ED961007A19BF /* MenuViewModel.swift */,
			);
			path = ViewModel;
			sourceTree = "<group>";
		};
		0931136426617B5D00B3D557 /* Components */ = {
			isa = PBXGroup;
			children = (
				0931136526617BBA00B3D557 /* HeaderTableViewCell.swift */,
				0931136626617BBA00B3D557 /* HeaderTableViewCell.xib */,
				0931136B26617F9200B3D557 /* BodyTableViewCell.swift */,
				0931136C26617F9200B3D557 /* BodyTableViewCell.xib */,
			);
			path = Components;
			sourceTree = "<group>";
		};
		097ABF4D2665763E009BBC29 /* WebView */ = {
			isa = PBXGroup;
			children = (
				097ABF522665766B009BBC29 /* GenericWebViewAssembly.swift */,
				097ABF572665766C009BBC29 /* GenericWebViewInteractorImpl.swift */,
				097ABF552665766C009BBC29 /* GenericWebViewPresenterImpl.swift */,
				097ABF562665766C009BBC29 /* GenericWebViewProviderImpl.swift */,
				097ABF532665766B009BBC29 /* GenericWebViewRouterImpl.swift */,
				097ABF6126657691009BBC29 /* GenericWebViewViewController.swift */,
				097ABF6226657691009BBC29 /* GenericWebViewViewController.xib */,
			);
			path = WebView;
			sourceTree = "<group>";
		};
		09A983C12667F671003A4F11 /* TableView */ = {
			isa = PBXGroup;
			children = (
				09A983C22667F732003A4F11 /* TableViewManager.swift */,
				09A983C62667F806003A4F11 /* TablePresenterProtocol.swift */,
				09A983C92667FF27003A4F11 /* FactoryCell.swift */,
				09A983D3266801C2003A4F11 /* BaseTableViewCell.swift */,
			);
			path = TableView;
			sourceTree = "<group>";
		};
		09A983CC26680133003A4F11 /* Cell */ = {
			isa = PBXGroup;
			children = (
				09A983CD26680173003A4F11 /* ConsejosGneralesCell.swift */,
				09A983CE26680173003A4F11 /* ConsejosGneralesCell.xib */,
				09A983D6266808F5003A4F11 /* ConsejosGeneralesDrawer.swift */,
			);
			path = Cell;
			sourceTree = "<group>";
		};
		09BD467C266013E9001D1A09 /* MenuLateral */ = {
			isa = PBXGroup;
			children = (
				09BD467E2660140B001D1A09 /* SWRevealViewController .m */,
				09BD467F2660140B001D1A09 /* SWRevealViewController.h */,
				09BD467D2660140A001D1A09 /* CiceSports-Bridging-Header.h */,
			);
			path = MenuLateral;
			sourceTree = "<group>";
		};
		09BD4682266014FD001D1A09 /* Home */ = {
			isa = PBXGroup;
			children = (
				09BD468326601556001D1A09 /* HomeTabBarController.swift */,
				09BD468426601556001D1A09 /* HomeTabBarController.xib */,
				09BD468826601580001D1A09 /* HomeTabBarAssembly.swift */,
			);
			path = Home;
			sourceTree = "<group>";
		};
		09BD468B26602223001D1A09 /* Menu */ = {
			isa = PBXGroup;
			children = (
				0931136426617B5D00B3D557 /* Components */,
				09311343266166B000B3D557 /* MenuAssembly.swift */,
				09311348266166B000B3D557 /* MenuInteractorImpl.swift */,
				09311349266166B000B3D557 /* MenuPresenterImpl.swift */,
				09311347266166B000B3D557 /* MenuProviderImpl.swift */,
				09311344266166B000B3D557 /* MenuRouterImpl.swift */,
				0931135926616D4D00B3D557 /* MenuViewController.swift */,
				0931135A26616D4D00B3D557 /* MenuViewController.xib */,
			);
			path = Menu;
			sourceTree = "<group>";
		};
		09BD469126602667001D1A09 /* Training */ = {
			isa = PBXGroup;
			children = (
				09BD4693266026B9001D1A09 /* N2 */,
				09BD4692266026B1001D1A09 /* N1 */,
			);
			path = Training;
			sourceTree = "<group>";
		};
		09BD4692266026B1001D1A09 /* N1 */ = {
			isa = PBXGroup;
			children = (
				09311331266164CF00B3D557 /* TrainingOneAssembly.swift */,
				09311334266164CF00B3D557 /* TrainingOneInteractorImpl.swift */,
				09311332266164CF00B3D557 /* TrainingOnePresenterImpl.swift */,
				09311333266164CF00B3D557 /* TrainingOneProviderImpl.swift */,
				09311336266164CF00B3D557 /* TrainingOneRouterImpl.swift */,
				0931135326616D0200B3D557 /* TrainingOneViewController.swift */,
				0931135426616D0200B3D557 /* TrainingOneViewController.xib */,
			);
			path = N1;
			sourceTree = "<group>";
		};
		09BD4693266026B9001D1A09 /* N2 */ = {
			isa = PBXGroup;
			children = (
				093113232661636800B3D557 /* TrainignTwoAssembly.swift */,
				093113222661636800B3D557 /* TrainignTwoInteractorImpl.swift */,
				0931131E2661636800B3D557 /* TrainignTwoPresenterImpl.swift */,
				0931131F2661636800B3D557 /* TrainignTwoProviderImpl.swift */,
				093113202661636800B3D557 /* TrainignTwoRouterImpl.swift */,
				0931135F26616D9B00B3D557 /* TrainignTwoViewController.swift */,
				0931136026616D9B00B3D557 /* TrainignTwoViewController.xib */,
			);
			path = N2;
			sourceTree = "<group>";
		};
		09E1ED172666A75900EA4ECC /* Components */ = {
			isa = PBXGroup;
			children = (
				09E1ED182666A77100EA4ECC /* AlertDefault */,
			);
			path = Components;
			sourceTree = "<group>";
		};
		09E1ED182666A77100EA4ECC /* AlertDefault */ = {
			isa = PBXGroup;
			children = (
				09E1ED1F2666AEA900EA4ECC /* ViewModel */,
				09E1ED192666A7B300EA4ECC /* AlertDefaultViewController.swift */,
				09E1ED1A2666A7B300EA4ECC /* AlertDefaultViewController.xib */,
			);
			path = AlertDefault;
			sourceTree = "<group>";
		};
		09E1ED1F2666AEA900EA4ECC /* ViewModel */ = {
			isa = PBXGroup;
			children = (
				09E1ED202666AEBF00EA4ECC /* AlertDefaultViewModel.swift */,
			);
			path = ViewModel;
			sourceTree = "<group>";
		};
		09E1ED232666BBAE00EA4ECC /* Consejos */ = {
			isa = PBXGroup;
			children = (
				09A983CC26680133003A4F11 /* Cell */,
				09E1ED312666BC7600EA4ECC /* ConsejosPresenterImpl.swift */,
				09E1ED2F2666BC7500EA4ECC /* ConsejosRouterImpl.swift */,
				09E1ED3D2666BC9F00EA4ECC /* ConsejosViewController.swift */,
				09E1ED3E2666BC9F00EA4ECC /* ConsejosViewController.xib */,
				09E1ED242666BBC600EA4ECC /* Infrastructure */,
			);
			path = Consejos;
			sourceTree = "<group>";
		};
		09E1ED242666BBC600EA4ECC /* Infrastructure */ = {
			isa = PBXGroup;
			children = (
				09E1ED332666BC7600EA4ECC /* ConsejosAssembly.swift */,
				09E1ED252666BBD000EA4ECC /* ServerModel */,
			);
			path = Infrastructure;
			sourceTree = "<group>";
		};
		09E1ED252666BBD000EA4ECC /* ServerModel */ = {
			isa = PBXGroup;
			children = (
				09E1ED262666BBEC00EA4ECC /* ResponseConsejosModel.swift */,
			);
			path = ServerModel;
			sourceTree = "<group>";
		};
		09E1ED422666C7FF00EA4ECC /* Music */ = {
			isa = PBXGroup;
			children = (
			);
			path = Music;
			sourceTree = "<group>";
		};
		09FDA265265D72DB005FC381 /* Helpers */ = {
			isa = PBXGroup;
			children = (
				09FDA266265D72F9005FC381 /* ReuseIdentifier.swift */,
			);
			path = Helpers;
			sourceTree = "<group>";
		};
		B4330002265C2593007DE3C7 /* SplashView */ = {
			isa = PBXGroup;
			children = (
				091CA0B8265ED93F007A19BF /* ViewModel */,
				091CA0AC265EC3F0007A19BF /* Infrastructure */,
				B433FFFD265C257A007DE3C7 /* SplashViewController.swift */,
				B433FFFE265C257A007DE3C7 /* SplashViewController.xib */,
				09FDA25C265D6D45005FC381 /* SplashPresenterImpl.swift */,
				091CA0B5265ED294007A19BF /* SplashInteractorImpl.swift */,
				09FDA25F265D6EE5005FC381 /* SplashRouterImpl.swift */,
			);
			path = SplashView;
			sourceTree = "<group>";
		};
		B4330004265C30CD007DE3C7 /* Core */ = {
			isa = PBXGroup;
			children = (
				B4330005265C3141007DE3C7 /* AppAssembly.swift */,
			);
			path = Core;
			sourceTree = "<group>";
		};
		B433000A265C38E0007DE3C7 /* BaseVIPER */ = {
			isa = PBXGroup;
			children = (
				B433000B265C38F3007DE3C7 /* BaseVIPER.swift */,
			);
			path = BaseVIPER;
			sourceTree = "<group>";
		};
		B433FFD8265C2456007DE3C7 = {
			isa = PBXGroup;
			children = (
				B433FFE3265C2456007DE3C7 /* CiceSports */,
				B433FFE2265C2456007DE3C7 /* Products */,
			);
			sourceTree = "<group>";
		};
		B433FFE2265C2456007DE3C7 /* Products */ = {
			isa = PBXGroup;
			children = (
				B433FFE1265C2456007DE3C7 /* CiceSports.app */,
			);
			name = Products;
			sourceTree = "<group>";
		};
		B433FFE3265C2456007DE3C7 /* CiceSports */ = {
			isa = PBXGroup;
			children = (
				09E1ED172666A75900EA4ECC /* Components */,
				09BD467C266013E9001D1A09 /* MenuLateral */,
				091CA0A8265EBA14007A19BF /* Utils */,
				091CA0A4265EB8CD007A19BF /* Managers */,
				09FDA265265D72DB005FC381 /* Helpers */,
				B433000A265C38E0007DE3C7 /* BaseVIPER */,
				B4330004265C30CD007DE3C7 /* Core */,
				B433FFFC265C2530007DE3C7 /* Modules */,
				B433FFE4265C2456007DE3C7 /* AppDelegate.swift */,
				B433FFED265C245A007DE3C7 /* Assets.xcassets */,
				B433FFEF265C245A007DE3C7 /* LaunchScreen.storyboard */,
				B433FFF2265C245A007DE3C7 /* Info.plist */,
				09E1ED0F2666A30D00EA4ECC /* Localizable.strings */,
			);
			path = CiceSports;
			sourceTree = "<group>";
		};
		B433FFFC265C2530007DE3C7 /* Modules */ = {
			isa = PBXGroup;
			children = (
				09E1ED422666C7FF00EA4ECC /* Music */,
				09E1ED232666BBAE00EA4ECC /* Consejos */,
				097ABF4D2665763E009BBC29 /* WebView */,
				09BD469126602667001D1A09 /* Training */,
				09BD468B26602223001D1A09 /* Menu */,
				09BD4682266014FD001D1A09 /* Home */,
				B4330002265C2593007DE3C7 /* SplashView */,
			);
			path = Modules;
			sourceTree = "<group>";
		};
/* End PBXGroup section */

/* Begin PBXNativeTarget section */
		B433FFE0265C2456007DE3C7 /* CiceSports */ = {
			isa = PBXNativeTarget;
			buildConfigurationList = B433FFF5265C245A007DE3C7 /* Build configuration list for PBXNativeTarget "CiceSports" */;
			buildPhases = (
				B433FFDD265C2456007DE3C7 /* Sources */,
				B433FFDE265C2456007DE3C7 /* Frameworks */,
				B433FFDF265C2456007DE3C7 /* Resources */,
			);
			buildRules = (
			);
			dependencies = (
			);
			name = CiceSports;
			productName = CiceSports;
			productReference = B433FFE1265C2456007DE3C7 /* CiceSports.app */;
			productType = "com.apple.product-type.application";
		};
/* End PBXNativeTarget section */

/* Begin PBXProject section */
		B433FFD9265C2456007DE3C7 /* Project object */ = {
			isa = PBXProject;
			attributes = {
				LastSwiftUpdateCheck = 1240;
				LastUpgradeCheck = 1240;
				TargetAttributes = {
					B433FFE0265C2456007DE3C7 = {
						CreatedOnToolsVersion = 12.4;
						LastSwiftMigration = 1230;
					};
				};
			};
			buildConfigurationList = B433FFDC265C2456007DE3C7 /* Build configuration list for PBXProject "CiceSports" */;
			compatibilityVersion = "Xcode 9.3";
			developmentRegion = en;
			hasScannedForEncodings = 0;
			knownRegions = (
				en,
				Base,
				es,
				fr,
			);
			mainGroup = B433FFD8265C2456007DE3C7;
			productRefGroup = B433FFE2265C2456007DE3C7 /* Products */;
			projectDirPath = "";
			projectRoot = "";
			targets = (
				B433FFE0265C2456007DE3C7 /* CiceSports */,
			);
		};
/* End PBXProject section */

/* Begin PBXResourcesBuildPhase section */
		B433FFDF265C2456007DE3C7 /* Resources */ = {
			isa = PBXResourcesBuildPhase;
			buildActionMask = 2147483647;
			files = (
				B433FFF1265C245A007DE3C7 /* LaunchScreen.storyboard in Resources */,
				0931135C26616D4D00B3D557 /* MenuViewController.xib in Resources */,
				09A983D026680173003A4F11 /* ConsejosGneralesCell.xib in Resources */,
				09E1ED0D2666A30D00EA4ECC /* Localizable.strings in Resources */,
				B4330000265C257A007DE3C7 /* SplashViewController.xib in Resources */,
				09E1ED402666BC9F00EA4ECC /* ConsejosViewController.xib in Resources */,
				09BD468626601556001D1A09 /* HomeTabBarController.xib in Resources */,
				097ABF6426657691009BBC29 /* GenericWebViewViewController.xib in Resources */,
				0931136826617BBA00B3D557 /* HeaderTableViewCell.xib in Resources */,
				0931136E26617F9200B3D557 /* BodyTableViewCell.xib in Resources */,
				0931135626616D0200B3D557 /* TrainingOneViewController.xib in Resources */,
				0931136226616D9B00B3D557 /* TrainignTwoViewController.xib in Resources */,
				B433FFEE265C245A007DE3C7 /* Assets.xcassets in Resources */,
				09E1ED1C2666A7B300EA4ECC /* AlertDefaultViewController.xib in Resources */,
			);
			runOnlyForDeploymentPostprocessing = 0;
		};
/* End PBXResourcesBuildPhase section */

/* Begin PBXSourcesBuildPhase section */
		B433FFDD265C2456007DE3C7 /* Sources */ = {
			isa = PBXSourcesBuildPhase;
			buildActionMask = 2147483647;
			files = (
				B4330006265C3141007DE3C7 /* AppAssembly.swift in Sources */,
				093113242661636800B3D557 /* TrainignTwoInteractorImpl.swift in Sources */,
				097ABF5A2665766C009BBC29 /* GenericWebViewPresenterImpl.swift in Sources */,
				09E1ED1B2666A7B300EA4ECC /* AlertDefaultViewController.swift in Sources */,
				09311337266164CF00B3D557 /* TrainingOneProviderImpl.swift in Sources */,
				09311338266164CF00B3D557 /* TrainingOneRouterImpl.swift in Sources */,
				09BD46802660140B001D1A09 /* SWRevealViewController .m in Sources */,
				0931136D26617F9200B3D557 /* BodyTableViewCell.swift in Sources */,
				097ABF4B266560EB009BBC29 /* CoreDataStack.swift in Sources */,
				0931133B266164CF00B3D557 /* TrainingOneInteractorImpl.swift in Sources */,
				0931134F266166B000B3D557 /* MenuAssembly.swift in Sources */,
				09E1ED342666BC7600EA4ECC /* ConsejosAssembly.swift in Sources */,
				09A983D7266808F5003A4F11 /* ConsejosGeneralesDrawer.swift in Sources */,
				0931134D266166B000B3D557 /* MenuRouterImpl.swift in Sources */,
				09E1ED142666A59800EA4ECC /* LocalizedKeys.swift in Sources */,
				09E1ED382666BC7600EA4ECC /* ConsejosRouterImpl.swift in Sources */,
				091CA0BB265ED961007A19BF /* MenuViewModel.swift in Sources */,
				093113272661636800B3D557 /* TrainignTwoPresenterImpl.swift in Sources */,
				097ABF5D2665766C009BBC29 /* GenericWebViewInteractorImpl.swift in Sources */,
				09FDA263265D71BA005FC381 /* SplashAssembly.swift in Sources */,
				097ABF582665766C009BBC29 /* GenericWebViewAssembly.swift in Sources */,
				09FDA25D265D6D45005FC381 /* SplashPresenterImpl.swift in Sources */,
				0931134B266166B000B3D557 /* MenuPresenterImpl.swift in Sources */,
				093113282661636800B3D557 /* TrainignTwoRouterImpl.swift in Sources */,
				09BD468926601580001D1A09 /* HomeTabBarAssembly.swift in Sources */,
				B433FFE5265C2456007DE3C7 /* AppDelegate.swift in Sources */,
				0931136126616D9B00B3D557 /* TrainignTwoViewController.swift in Sources */,
				B433FFFF265C257A007DE3C7 /* SplashViewController.swift in Sources */,
				09A983D4266801C2003A4F11 /* BaseTableViewCell.swift in Sources */,
				093113292661636800B3D557 /* TrainignTwoProviderImpl.swift in Sources */,
				0931133A266164CF00B3D557 /* TrainingOneAssembly.swift in Sources */,
				097ABF592665766C009BBC29 /* GenericWebViewProviderImpl.swift in Sources */,
				09A983C32667F732003A4F11 /* TableViewManager.swift in Sources */,
				097ABF6326657691009BBC29 /* GenericWebViewViewController.swift in Sources */,
				0931135526616D0200B3D557 /* TrainingOneViewController.swift in Sources */,
				09A983CA2667FF27003A4F11 /* FactoryCell.swift in Sources */,
				091CA0AA265EBA24007A19BF /* Utils.swift in Sources */,
				09E1ED212666AEBF00EA4ECC /* AlertDefaultViewModel.swift in Sources */,
				B433000C265C38F3007DE3C7 /* BaseVIPER.swift in Sources */,
				091CA0A6265EB904007A19BF /* RequestManager.swift in Sources */,
				093113252661636800B3D557 /* TrainignTwoAssembly.swift in Sources */,
				0931134C266166B000B3D557 /* MenuInteractorImpl.swift in Sources */,
				09E1ED392666BC7600EA4ECC /* ConsejosPresenterImpl.swift in Sources */,
				091CA0AE265EC41E007A19BF /* SplashProviderImpl.swift in Sources */,
				09311339266164CF00B3D557 /* TrainingOnePresenterImpl.swift in Sources */,
				0931136726617BBA00B3D557 /* HeaderTableViewCell.swift in Sources */,
				091CA0B6265ED294007A19BF /* SplashInteractorImpl.swift in Sources */,
				09E1ED272666BBEC00EA4ECC /* ResponseConsejosModel.swift in Sources */,
				09FDA260265D6EE5005FC381 /* SplashRouterImpl.swift in Sources */,
				09FDA267265D72F9005FC381 /* ReuseIdentifier.swift in Sources */,
				097ABF5B2665766C009BBC29 /* GenericWebViewRouterImpl.swift in Sources */,
				09A983C72667F806003A4F11 /* TablePresenterProtocol.swift in Sources */,
				09A983CF26680173003A4F11 /* ConsejosGneralesCell.swift in Sources */,
				09E1ED3F2666BC9F00EA4ECC /* ConsejosViewController.swift in Sources */,
				0931135B26616D4D00B3D557 /* MenuViewController.swift in Sources */,
				0931134A266166B000B3D557 /* MenuProviderImpl.swift in Sources */,
				09BD468526601556001D1A09 /* HomeTabBarController.swift in Sources */,
				091CA0B3265EC764007A19BF /* ResponseMenuModel.swift in Sources */,
				097ABF4626654AED009BBC29 /* NetworkError.swift in Sources */,
			);
			runOnlyForDeploymentPostprocessing = 0;
		};
/* End PBXSourcesBuildPhase section */

/* Begin PBXVariantGroup section */
		09E1ED0F2666A30D00EA4ECC /* Localizable.strings */ = {
			isa = PBXVariantGroup;
			children = (
				09E1ED0E2666A30D00EA4ECC /* en */,
				09E1ED112666A33A00EA4ECC /* es */,
				09E1ED122666A37300EA4ECC /* fr */,
			);
			name = Localizable.strings;
			sourceTree = "<group>";
		};
		B433FFEF265C245A007DE3C7 /* LaunchScreen.storyboard */ = {
			isa = PBXVariantGroup;
			children = (
				B433FFF0265C245A007DE3C7 /* Base */,
			);
			name = LaunchScreen.storyboard;
			sourceTree = "<group>";
		};
/* End PBXVariantGroup section */

/* Begin XCBuildConfiguration section */
		B433FFF3265C245A007DE3C7 /* Debug */ = {
			isa = XCBuildConfiguration;
			buildSettings = {
				ALWAYS_SEARCH_USER_PATHS = NO;
				CLANG_ANALYZER_LOCALIZABILITY_NONLOCALIZED = YES;
				CLANG_ANALYZER_NONNULL = YES;
				CLANG_ANALYZER_NUMBER_OBJECT_CONVERSION = YES_AGGRESSIVE;
				CLANG_CXX_LANGUAGE_STANDARD = "gnu++14";
				CLANG_CXX_LIBRARY = "libc++";
				CLANG_ENABLE_MODULES = YES;
				CLANG_ENABLE_OBJC_ARC = YES;
				CLANG_ENABLE_OBJC_WEAK = YES;
				CLANG_WARN_BLOCK_CAPTURE_AUTORELEASING = YES;
				CLANG_WARN_BOOL_CONVERSION = YES;
				CLANG_WARN_COMMA = YES;
				CLANG_WARN_CONSTANT_CONVERSION = YES;
				CLANG_WARN_DEPRECATED_OBJC_IMPLEMENTATIONS = YES;
				CLANG_WARN_DIRECT_OBJC_ISA_USAGE = YES_ERROR;
				CLANG_WARN_DOCUMENTATION_COMMENTS = YES;
				CLANG_WARN_EMPTY_BODY = YES;
				CLANG_WARN_ENUM_CONVERSION = YES;
				CLANG_WARN_INFINITE_RECURSION = YES;
				CLANG_WARN_INT_CONVERSION = YES;
				CLANG_WARN_NON_LITERAL_NULL_CONVERSION = YES;
				CLANG_WARN_OBJC_IMPLICIT_RETAIN_SELF = YES;
				CLANG_WARN_OBJC_LITERAL_CONVERSION = YES;
				CLANG_WARN_OBJC_ROOT_CLASS = YES_ERROR;
				CLANG_WARN_QUOTED_INCLUDE_IN_FRAMEWORK_HEADER = YES;
				CLANG_WARN_RANGE_LOOP_ANALYSIS = YES;
				CLANG_WARN_STRICT_PROTOTYPES = YES;
				CLANG_WARN_SUSPICIOUS_MOVE = YES;
				CLANG_WARN_UNGUARDED_AVAILABILITY = YES_AGGRESSIVE;
				CLANG_WARN_UNREACHABLE_CODE = YES;
				CLANG_WARN__DUPLICATE_METHOD_MATCH = YES;
				COPY_PHASE_STRIP = NO;
				DEBUG_INFORMATION_FORMAT = dwarf;
				ENABLE_STRICT_OBJC_MSGSEND = YES;
				ENABLE_TESTABILITY = YES;
				GCC_C_LANGUAGE_STANDARD = gnu11;
				GCC_DYNAMIC_NO_PIC = NO;
				GCC_NO_COMMON_BLOCKS = YES;
				GCC_OPTIMIZATION_LEVEL = 0;
				GCC_PREPROCESSOR_DEFINITIONS = (
					"DEBUG=1",
					"$(inherited)",
				);
				GCC_WARN_64_TO_32_BIT_CONVERSION = YES;
				GCC_WARN_ABOUT_RETURN_TYPE = YES_ERROR;
				GCC_WARN_UNDECLARED_SELECTOR = YES;
				GCC_WARN_UNINITIALIZED_AUTOS = YES_AGGRESSIVE;
				GCC_WARN_UNUSED_FUNCTION = YES;
				GCC_WARN_UNUSED_VARIABLE = YES;
				IPHONEOS_DEPLOYMENT_TARGET = 14.3;
				MTL_ENABLE_DEBUG_INFO = INCLUDE_SOURCE;
				MTL_FAST_MATH = YES;
				ONLY_ACTIVE_ARCH = YES;
				SDKROOT = iphoneos;
				SWIFT_ACTIVE_COMPILATION_CONDITIONS = DEBUG;
				SWIFT_OPTIMIZATION_LEVEL = "-Onone";
			};
			name = Debug;
		};
		B433FFF4265C245A007DE3C7 /* Release */ = {
			isa = XCBuildConfiguration;
			buildSettings = {
				ALWAYS_SEARCH_USER_PATHS = NO;
				CLANG_ANALYZER_LOCALIZABILITY_NONLOCALIZED = YES;
				CLANG_ANALYZER_NONNULL = YES;
				CLANG_ANALYZER_NUMBER_OBJECT_CONVERSION = YES_AGGRESSIVE;
				CLANG_CXX_LANGUAGE_STANDARD = "gnu++14";
				CLANG_CXX_LIBRARY = "libc++";
				CLANG_ENABLE_MODULES = YES;
				CLANG_ENABLE_OBJC_ARC = YES;
				CLANG_ENABLE_OBJC_WEAK = YES;
				CLANG_WARN_BLOCK_CAPTURE_AUTORELEASING = YES;
				CLANG_WARN_BOOL_CONVERSION = YES;
				CLANG_WARN_COMMA = YES;
				CLANG_WARN_CONSTANT_CONVERSION = YES;
				CLANG_WARN_DEPRECATED_OBJC_IMPLEMENTATIONS = YES;
				CLANG_WARN_DIRECT_OBJC_ISA_USAGE = YES_ERROR;
				CLANG_WARN_DOCUMENTATION_COMMENTS = YES;
				CLANG_WARN_EMPTY_BODY = YES;
				CLANG_WARN_ENUM_CONVERSION = YES;
				CLANG_WARN_INFINITE_RECURSION = YES;
				CLANG_WARN_INT_CONVERSION = YES;
				CLANG_WARN_NON_LITERAL_NULL_CONVERSION = YES;
				CLANG_WARN_OBJC_IMPLICIT_RETAIN_SELF = YES;
				CLANG_WARN_OBJC_LITERAL_CONVERSION = YES;
				CLANG_WARN_OBJC_ROOT_CLASS = YES_ERROR;
				CLANG_WARN_QUOTED_INCLUDE_IN_FRAMEWORK_HEADER = YES;
				CLANG_WARN_RANGE_LOOP_ANALYSIS = YES;
				CLANG_WARN_STRICT_PROTOTYPES = YES;
				CLANG_WARN_SUSPICIOUS_MOVE = YES;
				CLANG_WARN_UNGUARDED_AVAILABILITY = YES_AGGRESSIVE;
				CLANG_WARN_UNREACHABLE_CODE = YES;
				CLANG_WARN__DUPLICATE_METHOD_MATCH = YES;
				COPY_PHASE_STRIP = NO;
				DEBUG_INFORMATION_FORMAT = "dwarf-with-dsym";
				ENABLE_NS_ASSERTIONS = NO;
				ENABLE_STRICT_OBJC_MSGSEND = YES;
				GCC_C_LANGUAGE_STANDARD = gnu11;
				GCC_NO_COMMON_BLOCKS = YES;
				GCC_WARN_64_TO_32_BIT_CONVERSION = YES;
				GCC_WARN_ABOUT_RETURN_TYPE = YES_ERROR;
				GCC_WARN_UNDECLARED_SELECTOR = YES;
				GCC_WARN_UNINITIALIZED_AUTOS = YES_AGGRESSIVE;
				GCC_WARN_UNUSED_FUNCTION = YES;
				GCC_WARN_UNUSED_VARIABLE = YES;
				IPHONEOS_DEPLOYMENT_TARGET = 14.3;
				MTL_ENABLE_DEBUG_INFO = NO;
				MTL_FAST_MATH = YES;
				SDKROOT = iphoneos;
				SWIFT_COMPILATION_MODE = wholemodule;
				SWIFT_OPTIMIZATION_LEVEL = "-O";
				VALIDATE_PRODUCT = YES;
			};
			name = Release;
		};
		B433FFF6265C245A007DE3C7 /* Debug */ = {
			isa = XCBuildConfiguration;
			buildSettings = {
				ASSETCATALOG_COMPILER_APPICON_NAME = AppIcon;
				ASSETCATALOG_COMPILER_GLOBAL_ACCENT_COLOR_NAME = AccentColor;
				CLANG_ENABLE_MODULES = YES;
				CODE_SIGN_STYLE = Automatic;
				DEVELOPMENT_TEAM = "";
				INFOPLIST_FILE = CiceSports/Info.plist;
				LD_RUNPATH_SEARCH_PATHS = (
					"$(inherited)",
					"@executable_path/Frameworks",
				);
				PRODUCT_BUNDLE_IDENTIFIER = com.icologic.co.iOS.CiceSports;
				PRODUCT_NAME = "$(TARGET_NAME)";
				SWIFT_OBJC_BRIDGING_HEADER = "CiceSports/MenuLateral/CiceSports-Bridging-Header.h";
				SWIFT_OPTIMIZATION_LEVEL = "-Onone";
				SWIFT_VERSION = 5.0;
				TARGETED_DEVICE_FAMILY = 1;
			};
			name = Debug;
		};
		B433FFF7265C245A007DE3C7 /* Release */ = {
			isa = XCBuildConfiguration;
			buildSettings = {
				ASSETCATALOG_COMPILER_APPICON_NAME = AppIcon;
				ASSETCATALOG_COMPILER_GLOBAL_ACCENT_COLOR_NAME = AccentColor;
				CLANG_ENABLE_MODULES = YES;
				CODE_SIGN_STYLE = Automatic;
				DEVELOPMENT_TEAM = "";
				INFOPLIST_FILE = CiceSports/Info.plist;
				LD_RUNPATH_SEARCH_PATHS = (
					"$(inherited)",
					"@executable_path/Frameworks",
				);
				PRODUCT_BUNDLE_IDENTIFIER = com.icologic.co.iOS.CiceSports;
				PRODUCT_NAME = "$(TARGET_NAME)";
				SWIFT_COMPILATION_MODE = wholemodule;
				SWIFT_OBJC_BRIDGING_HEADER = "CiceSports/MenuLateral/CiceSports-Bridging-Header.h";
				SWIFT_VERSION = 5.0;
				TARGETED_DEVICE_FAMILY = 1;
			};
			name = Release;
		};
/* End XCBuildConfiguration section */

/* Begin XCConfigurationList section */
		B433FFDC265C2456007DE3C7 /* Build configuration list for PBXProject "CiceSports" */ = {
			isa = XCConfigurationList;
			buildConfigurations = (
				B433FFF3265C245A007DE3C7 /* Debug */,
				B433FFF4265C245A007DE3C7 /* Release */,
			);
			defaultConfigurationIsVisible = 0;
			defaultConfigurationName = Release;
		};
		B433FFF5265C245A007DE3C7 /* Build configuration list for PBXNativeTarget "CiceSports" */ = {
			isa = XCConfigurationList;
			buildConfigurations = (
				B433FFF6265C245A007DE3C7 /* Debug */,
				B433FFF7265C245A007DE3C7 /* Release */,
			);
			defaultConfigurationIsVisible = 0;
			defaultConfigurationName = Release;
		};
/* End XCConfigurationList section */
	};
	rootObject = B433FFD9265C2456007DE3C7 /* Project object */;
}
