// !$*UTF8*$!
{
	archiveVersion = 1;
	classes = {
	};
	objectVersion = 50;
	objects = {

/* Begin PBXBuildFile section */
		091CA0A6265EB904007A19BF /* RequestManager.swift in Sources */ = {isa = PBXBuildFile; fileRef = 091CA0A5265EB904007A19BF /* RequestManager.swift */; };
		091CA0AA265EBA24007A19BF /* Utils.swift in Sources */ = {isa = PBXBuildFile; fileRef = 091CA0A9265EBA24007A19BF /* Utils.swift */; };
		091CA0AE265EC41E007A19BF /* SplashProviderImpl.swift in Sources */ = {isa = PBXBuildFile; fileRef = 091CA0AD265EC41E007A19BF /* SplashProviderImpl.swift */; };
		091CA0B3265EC764007A19BF /* ResponseMenuModel.swift in Sources */ = {isa = PBXBuildFile; fileRef = 091CA0B2265EC764007A19BF /* ResponseMenuModel.swift */; };
		091CA0B6265ED294007A19BF /* SplashInteractorImpl.swift in Sources */ = {isa = PBXBuildFile; fileRef = 091CA0B5265ED294007A19BF /* SplashInteractorImpl.swift */; };
		091CA0BB265ED961007A19BF /* MenuViewModel.swift in Sources */ = {isa = PBXBuildFile; fileRef = 091CA0BA265ED961007A19BF /* MenuViewModel.swift */; };
		09FDA25D265D6D45005FC381 /* SplashPresenterImpl.swift in Sources */ = {isa = PBXBuildFile; fileRef = 09FDA25C265D6D45005FC381 /* SplashPresenterImpl.swift */; };
		09FDA260265D6EE5005FC381 /* SplashRouterImpl.swift in Sources */ = {isa = PBXBuildFile; fileRef = 09FDA25F265D6EE5005FC381 /* SplashRouterImpl.swift */; };
		09FDA263265D71BA005FC381 /* SplashAssembly.swift in Sources */ = {isa = PBXBuildFile; fileRef = 09FDA262265D71BA005FC381 /* SplashAssembly.swift */; };
		09FDA267265D72F9005FC381 /* ReuseIdentifier.swift in Sources */ = {isa = PBXBuildFile; fileRef = 09FDA266265D72F9005FC381 /* ReuseIdentifier.swift */; };
		B4330000265C257A007DE3C7 /* SplashViewController.xib in Resources */ = {isa = PBXBuildFile; fileRef = B433FFFE265C257A007DE3C7 /* SplashViewController.xib */; };
		B4330006265C3141007DE3C7 /* AppAssembly.swift in Sources */ = {isa = PBXBuildFile; fileRef = B4330005265C3141007DE3C7 /* AppAssembly.swift */; };
		B433000C265C38F3007DE3C7 /* BaseVIPER.swift in Sources */ = {isa = PBXBuildFile; fileRef = B433000B265C38F3007DE3C7 /* BaseVIPER.swift */; };
		B433FFE5265C2456007DE3C7 /* AppDelegate.swift in Sources */ = {isa = PBXBuildFile; fileRef = B433FFE4265C2456007DE3C7 /* AppDelegate.swift */; };
		B433FFEE265C245A007DE3C7 /* Assets.xcassets in Resources */ = {isa = PBXBuildFile; fileRef = B433FFED265C245A007DE3C7 /* Assets.xcassets */; };
		B433FFF1265C245A007DE3C7 /* LaunchScreen.storyboard in Resources */ = {isa = PBXBuildFile; fileRef = B433FFEF265C245A007DE3C7 /* LaunchScreen.storyboard */; };
		B433FFFF265C257A007DE3C7 /* SplashViewController.swift in Sources */ = {isa = PBXBuildFile; fileRef = B433FFFD265C257A007DE3C7 /* SplashViewController.swift */; };
/* End PBXBuildFile section */

/* Begin PBXFileReference section */
		091CA0A5265EB904007A19BF /* RequestManager.swift */ = {isa = PBXFileReference; lastKnownFileType = sourcecode.swift; path = RequestManager.swift; sourceTree = "<group>"; };
		091CA0A9265EBA24007A19BF /* Utils.swift */ = {isa = PBXFileReference; lastKnownFileType = sourcecode.swift; path = Utils.swift; sourceTree = "<group>"; };
		091CA0AD265EC41E007A19BF /* SplashProviderImpl.swift */ = {isa = PBXFileReference; lastKnownFileType = sourcecode.swift; path = SplashProviderImpl.swift; sourceTree = "<group>"; };
		091CA0B2265EC764007A19BF /* ResponseMenuModel.swift */ = {isa = PBXFileReference; lastKnownFileType = sourcecode.swift; path = ResponseMenuModel.swift; sourceTree = "<group>"; };
		091CA0B5265ED294007A19BF /* SplashInteractorImpl.swift */ = {isa = PBXFileReference; lastKnownFileType = sourcecode.swift; path = SplashInteractorImpl.swift; sourceTree = "<group>"; };
		091CA0BA265ED961007A19BF /* MenuViewModel.swift */ = {isa = PBXFileReference; lastKnownFileType = sourcecode.swift; path = MenuViewModel.swift; sourceTree = "<group>"; };
		09FDA25C265D6D45005FC381 /* SplashPresenterImpl.swift */ = {isa = PBXFileReference; lastKnownFileType = sourcecode.swift; path = SplashPresenterImpl.swift; sourceTree = "<group>"; };
		09FDA25F265D6EE5005FC381 /* SplashRouterImpl.swift */ = {isa = PBXFileReference; lastKnownFileType = sourcecode.swift; path = SplashRouterImpl.swift; sourceTree = "<group>"; };
		09FDA262265D71BA005FC381 /* SplashAssembly.swift */ = {isa = PBXFileReference; lastKnownFileType = sourcecode.swift; path = SplashAssembly.swift; sourceTree = "<group>"; };
		09FDA266265D72F9005FC381 /* ReuseIdentifier.swift */ = {isa = PBXFileReference; lastKnownFileType = sourcecode.swift; path = ReuseIdentifier.swift; sourceTree = "<group>"; };
		B4330005265C3141007DE3C7 /* AppAssembly.swift */ = {isa = PBXFileReference; lastKnownFileType = sourcecode.swift; path = AppAssembly.swift; sourceTree = "<group>"; };
		B433000B265C38F3007DE3C7 /* BaseVIPER.swift */ = {isa = PBXFileReference; lastKnownFileType = sourcecode.swift; path = BaseVIPER.swift; sourceTree = "<group>"; };
		B433FFE1265C2456007DE3C7 /* CiceSports.app */ = {isa = PBXFileReference; explicitFileType = wrapper.application; includeInIndex = 0; path = CiceSports.app; sourceTree = BUILT_PRODUCTS_DIR; };
		B433FFE4265C2456007DE3C7 /* AppDelegate.swift */ = {isa = PBXFileReference; lastKnownFileType = sourcecode.swift; path = AppDelegate.swift; sourceTree = "<group>"; };
		B433FFED265C245A007DE3C7 /* Assets.xcassets */ = {isa = PBXFileReference; lastKnownFileType = folder.assetcatalog; path = Assets.xcassets; sourceTree = "<group>"; };
		B433FFF0265C245A007DE3C7 /* Base */ = {isa = PBXFileReference; lastKnownFileType = file.storyboard; name = Base; path = Base.lproj/LaunchScreen.storyboard; sourceTree = "<group>"; };
		B433FFF2265C245A007DE3C7 /* Info.plist */ = {isa = PBXFileReference; lastKnownFileType = text.plist.xml; path = Info.plist; sourceTree = "<group>"; };
		B433FFFD265C257A007DE3C7 /* SplashViewController.swift */ = {isa = PBXFileReference; lastKnownFileType = sourcecode.swift; path = SplashViewController.swift; sourceTree = "<group>"; };
		B433FFFE265C257A007DE3C7 /* SplashViewController.xib */ = {isa = PBXFileReference; lastKnownFileType = file.xib; path = SplashViewController.xib; sourceTree = "<group>"; };
/* End PBXFileReference section */

/* Begin PBXFrameworksBuildPhase section */
		B433FFDE265C2456007DE3C7 /* Frameworks */ = {
			isa = PBXFrameworksBuildPhase;
			buildActionMask = 2147483647;
			files = (
			);
			runOnlyForDeploymentPostprocessing = 0;
		};
/* End PBXFrameworksBuildPhase section */

/* Begin PBXGroup section */
		091CA0A4265EB8CD007A19BF /* Managers */ = {
			isa = PBXGroup;
			children = (
				091CA0A5265EB904007A19BF /* RequestManager.swift */,
			);
			path = Managers;
			sourceTree = "<group>";
		};
		091CA0A8265EBA14007A19BF /* Utils */ = {
			isa = PBXGroup;
			children = (
				091CA0A9265EBA24007A19BF /* Utils.swift */,
			);
			path = Utils;
			sourceTree = "<group>";
		};
		091CA0AC265EC3F0007A19BF /* Infrastructure */ = {
			isa = PBXGroup;
			children = (
				091CA0B1265EC6DF007A19BF /* ServerModel */,
				09FDA262265D71BA005FC381 /* SplashAssembly.swift */,
				091CA0AD265EC41E007A19BF /* SplashProviderImpl.swift */,
			);
			path = Infrastructure;
			sourceTree = "<group>";
		};
		091CA0B1265EC6DF007A19BF /* ServerModel */ = {
			isa = PBXGroup;
			children = (
				091CA0B2265EC764007A19BF /* ResponseMenuModel.swift */,
			);
			path = ServerModel;
			sourceTree = "<group>";
		};
		091CA0B8265ED93F007A19BF /* ViewModel */ = {
			isa = PBXGroup;
			children = (
				091CA0BA265ED961007A19BF /* MenuViewModel.swift */,
			);
			path = ViewModel;
			sourceTree = "<group>";
		};
		09FDA265265D72DB005FC381 /* Helpers */ = {
			isa = PBXGroup;
			children = (
				09FDA266265D72F9005FC381 /* ReuseIdentifier.swift */,
			);
			path = Helpers;
			sourceTree = "<group>";
		};
		B4330002265C2593007DE3C7 /* SplashView */ = {
			isa = PBXGroup;
			children = (
				091CA0B8265ED93F007A19BF /* ViewModel */,
				091CA0AC265EC3F0007A19BF /* Infrastructure */,
				B433FFFD265C257A007DE3C7 /* SplashViewController.swift */,
				B433FFFE265C257A007DE3C7 /* SplashViewController.xib */,
				09FDA25C265D6D45005FC381 /* SplashPresenterImpl.swift */,
				091CA0B5265ED294007A19BF /* SplashInteractorImpl.swift */,
				09FDA25F265D6EE5005FC381 /* SplashRouterImpl.swift */,
			);
			path = SplashView;
			sourceTree = "<group>";
		};
		B4330004265C30CD007DE3C7 /* Core */ = {
			isa = PBXGroup;
			children = (
				B4330005265C3141007DE3C7 /* AppAssembly.swift */,
			);
			path = Core;
			sourceTree = "<group>";
		};
		B433000A265C38E0007DE3C7 /* BaseVIPER */ = {
			isa = PBXGroup;
			children = (
				B433000B265C38F3007DE3C7 /* BaseVIPER.swift */,
			);
			path = BaseVIPER;
			sourceTree = "<group>";
		};
		B433FFD8265C2456007DE3C7 = {
			isa = PBXGroup;
			children = (
				B433FFE3265C2456007DE3C7 /* CiceSports */,
				B433FFE2265C2456007DE3C7 /* Products */,
			);
			sourceTree = "<group>";
		};
		B433FFE2265C2456007DE3C7 /* Products */ = {
			isa = PBXGroup;
			children = (
				B433FFE1265C2456007DE3C7 /* CiceSports.app */,
			);
			name = Products;
			sourceTree = "<group>";
		};
		B433FFE3265C2456007DE3C7 /* CiceSports */ = {
			isa = PBXGroup;
			children = (
				091CA0A8265EBA14007A19BF /* Utils */,
				091CA0A4265EB8CD007A19BF /* Managers */,
				09FDA265265D72DB005FC381 /* Helpers */,
				B433000A265C38E0007DE3C7 /* BaseVIPER */,
				B4330004265C30CD007DE3C7 /* Core */,
				B433FFFC265C2530007DE3C7 /* Modules */,
				B433FFE4265C2456007DE3C7 /* AppDelegate.swift */,
				B433FFED265C245A007DE3C7 /* Assets.xcassets */,
				B433FFEF265C245A007DE3C7 /* LaunchScreen.storyboard */,
				B433FFF2265C245A007DE3C7 /* Info.plist */,
			);
			path = CiceSports;
			sourceTree = "<group>";
		};
		B433FFFC265C2530007DE3C7 /* Modules */ = {
			isa = PBXGroup;
			children = (
				B4330002265C2593007DE3C7 /* SplashView */,
			);
			path = Modules;
			sourceTree = "<group>";
		};
/* End PBXGroup section */

/* Begin PBXNativeTarget section */
		B433FFE0265C2456007DE3C7 /* CiceSports */ = {
			isa = PBXNativeTarget;
			buildConfigurationList = B433FFF5265C245A007DE3C7 /* Build configuration list for PBXNativeTarget "CiceSports" */;
			buildPhases = (
				B433FFDD265C2456007DE3C7 /* Sources */,
				B433FFDE265C2456007DE3C7 /* Frameworks */,
				B433FFDF265C2456007DE3C7 /* Resources */,
			);
			buildRules = (
			);
			dependencies = (
			);
			name = CiceSports;
			productName = CiceSports;
			productReference = B433FFE1265C2456007DE3C7 /* CiceSports.app */;
			productType = "com.apple.product-type.application";
		};
/* End PBXNativeTarget section */

/* Begin PBXProject section */
		B433FFD9265C2456007DE3C7 /* Project object */ = {
			isa = PBXProject;
			attributes = {
				LastSwiftUpdateCheck = 1240;
				LastUpgradeCheck = 1240;
				TargetAttributes = {
					B433FFE0265C2456007DE3C7 = {
						CreatedOnToolsVersion = 12.4;
					};
				};
			};
			buildConfigurationList = B433FFDC265C2456007DE3C7 /* Build configuration list for PBXProject "CiceSports" */;
			compatibilityVersion = "Xcode 9.3";
			developmentRegion = en;
			hasScannedForEncodings = 0;
			knownRegions = (
				en,
				Base,
			);
			mainGroup = B433FFD8265C2456007DE3C7;
			productRefGroup = B433FFE2265C2456007DE3C7 /* Products */;
			projectDirPath = "";
			projectRoot = "";
			targets = (
				B433FFE0265C2456007DE3C7 /* CiceSports */,
			);
		};
/* End PBXProject section */

/* Begin PBXResourcesBuildPhase section */
		B433FFDF265C2456007DE3C7 /* Resources */ = {
			isa = PBXResourcesBuildPhase;
			buildActionMask = 2147483647;
			files = (
				B433FFF1265C245A007DE3C7 /* LaunchScreen.storyboard in Resources */,
				B4330000265C257A007DE3C7 /* SplashViewController.xib in Resources */,
				B433FFEE265C245A007DE3C7 /* Assets.xcassets in Resources */,
			);
			runOnlyForDeploymentPostprocessing = 0;
		};
/* End PBXResourcesBuildPhase section */

/* Begin PBXSourcesBuildPhase section */
		B433FFDD265C2456007DE3C7 /* Sources */ = {
			isa = PBXSourcesBuildPhase;
			buildActionMask = 2147483647;
			files = (
				B4330006265C3141007DE3C7 /* AppAssembly.swift in Sources */,
				091CA0BB265ED961007A19BF /* MenuViewModel.swift in Sources */,
				09FDA263265D71BA005FC381 /* SplashAssembly.swift in Sources */,
				09FDA25D265D6D45005FC381 /* SplashPresenterImpl.swift in Sources */,
				B433FFE5265C2456007DE3C7 /* AppDelegate.swift in Sources */,
				B433FFFF265C257A007DE3C7 /* SplashViewController.swift in Sources */,
				091CA0AA265EBA24007A19BF /* Utils.swift in Sources */,
				B433000C265C38F3007DE3C7 /* BaseVIPER.swift in Sources */,
				091CA0A6265EB904007A19BF /* RequestManager.swift in Sources */,
				091CA0AE265EC41E007A19BF /* SplashProviderImpl.swift in Sources */,
				091CA0B6265ED294007A19BF /* SplashInteractorImpl.swift in Sources */,
				09FDA260265D6EE5005FC381 /* SplashRouterImpl.swift in Sources */,
				09FDA267265D72F9005FC381 /* ReuseIdentifier.swift in Sources */,
				091CA0B3265EC764007A19BF /* ResponseMenuModel.swift in Sources */,
			);
			runOnlyForDeploymentPostprocessing = 0;
		};
/* End PBXSourcesBuildPhase section */

/* Begin PBXVariantGroup section */
		B433FFEF265C245A007DE3C7 /* LaunchScreen.storyboard */ = {
			isa = PBXVariantGroup;
			children = (
				B433FFF0265C245A007DE3C7 /* Base */,
			);
			name = LaunchScreen.storyboard;
			sourceTree = "<group>";
		};
/* End PBXVariantGroup section */

/* Begin XCBuildConfiguration section */
		B433FFF3265C245A007DE3C7 /* Debug */ = {
			isa = XCBuildConfiguration;
			buildSettings = {
				ALWAYS_SEARCH_USER_PATHS = NO;
				CLANG_ANALYZER_NONNULL = YES;
				CLANG_ANALYZER_NUMBER_OBJECT_CONVERSION = YES_AGGRESSIVE;
				CLANG_CXX_LANGUAGE_STANDARD = "gnu++14";
				CLANG_CXX_LIBRARY = "libc++";
				CLANG_ENABLE_MODULES = YES;
				CLANG_ENABLE_OBJC_ARC = YES;
				CLANG_ENABLE_OBJC_WEAK = YES;
				CLANG_WARN_BLOCK_CAPTURE_AUTORELEASING = YES;
				CLANG_WARN_BOOL_CONVERSION = YES;
				CLANG_WARN_COMMA = YES;
				CLANG_WARN_CONSTANT_CONVERSION = YES;
				CLANG_WARN_DEPRECATED_OBJC_IMPLEMENTATIONS = YES;
				CLANG_WARN_DIRECT_OBJC_ISA_USAGE = YES_ERROR;
				CLANG_WARN_DOCUMENTATION_COMMENTS = YES;
				CLANG_WARN_EMPTY_BODY = YES;
				CLANG_WARN_ENUM_CONVERSION = YES;
				CLANG_WARN_INFINITE_RECURSION = YES;
				CLANG_WARN_INT_CONVERSION = YES;
				CLANG_WARN_NON_LITERAL_NULL_CONVERSION = YES;
				CLANG_WARN_OBJC_IMPLICIT_RETAIN_SELF = YES;
				CLANG_WARN_OBJC_LITERAL_CONVERSION = YES;
				CLANG_WARN_OBJC_ROOT_CLASS = YES_ERROR;
				CLANG_WARN_QUOTED_INCLUDE_IN_FRAMEWORK_HEADER = YES;
				CLANG_WARN_RANGE_LOOP_ANALYSIS = YES;
				CLANG_WARN_STRICT_PROTOTYPES = YES;
				CLANG_WARN_SUSPICIOUS_MOVE = YES;
				CLANG_WARN_UNGUARDED_AVAILABILITY = YES_AGGRESSIVE;
				CLANG_WARN_UNREACHABLE_CODE = YES;
				CLANG_WARN__DUPLICATE_METHOD_MATCH = YES;
				COPY_PHASE_STRIP = NO;
				DEBUG_INFORMATION_FORMAT = dwarf;
				ENABLE_STRICT_OBJC_MSGSEND = YES;
				ENABLE_TESTABILITY = YES;
				GCC_C_LANGUAGE_STANDARD = gnu11;
				GCC_DYNAMIC_NO_PIC = NO;
				GCC_NO_COMMON_BLOCKS = YES;
				GCC_OPTIMIZATION_LEVEL = 0;
				GCC_PREPROCESSOR_DEFINITIONS = (
					"DEBUG=1",
					"$(inherited)",
				);
				GCC_WARN_64_TO_32_BIT_CONVERSION = YES;
				GCC_WARN_ABOUT_RETURN_TYPE = YES_ERROR;
				GCC_WARN_UNDECLARED_SELECTOR = YES;
				GCC_WARN_UNINITIALIZED_AUTOS = YES_AGGRESSIVE;
				GCC_WARN_UNUSED_FUNCTION = YES;
				GCC_WARN_UNUSED_VARIABLE = YES;
				IPHONEOS_DEPLOYMENT_TARGET = 14.3;
				MTL_ENABLE_DEBUG_INFO = INCLUDE_SOURCE;
				MTL_FAST_MATH = YES;
				ONLY_ACTIVE_ARCH = YES;
				SDKROOT = iphoneos;
				SWIFT_ACTIVE_COMPILATION_CONDITIONS = DEBUG;
				SWIFT_OPTIMIZATION_LEVEL = "-Onone";
			};
			name = Debug;
		};
		B433FFF4265C245A007DE3C7 /* Release */ = {
			isa = XCBuildConfiguration;
			buildSettings = {
				ALWAYS_SEARCH_USER_PATHS = NO;
				CLANG_ANALYZER_NONNULL = YES;
				CLANG_ANALYZER_NUMBER_OBJECT_CONVERSION = YES_AGGRESSIVE;
				CLANG_CXX_LANGUAGE_STANDARD = "gnu++14";
				CLANG_CXX_LIBRARY = "libc++";
				CLANG_ENABLE_MODULES = YES;
				CLANG_ENABLE_OBJC_ARC = YES;
				CLANG_ENABLE_OBJC_WEAK = YES;
				CLANG_WARN_BLOCK_CAPTURE_AUTORELEASING = YES;
				CLANG_WARN_BOOL_CONVERSION = YES;
				CLANG_WARN_COMMA = YES;
				CLANG_WARN_CONSTANT_CONVERSION = YES;
				CLANG_WARN_DEPRECATED_OBJC_IMPLEMENTATIONS = YES;
				CLANG_WARN_DIRECT_OBJC_ISA_USAGE = YES_ERROR;
				CLANG_WARN_DOCUMENTATION_COMMENTS = YES;
				CLANG_WARN_EMPTY_BODY = YES;
				CLANG_WARN_ENUM_CONVERSION = YES;
				CLANG_WARN_INFINITE_RECURSION = YES;
				CLANG_WARN_INT_CONVERSION = YES;
				CLANG_WARN_NON_LITERAL_NULL_CONVERSION = YES;
				CLANG_WARN_OBJC_IMPLICIT_RETAIN_SELF = YES;
				CLANG_WARN_OBJC_LITERAL_CONVERSION = YES;
				CLANG_WARN_OBJC_ROOT_CLASS = YES_ERROR;
				CLANG_WARN_QUOTED_INCLUDE_IN_FRAMEWORK_HEADER = YES;
				CLANG_WARN_RANGE_LOOP_ANALYSIS = YES;
				CLANG_WARN_STRICT_PROTOTYPES = YES;
				CLANG_WARN_SUSPICIOUS_MOVE = YES;
				CLANG_WARN_UNGUARDED_AVAILABILITY = YES_AGGRESSIVE;
				CLANG_WARN_UNREACHABLE_CODE = YES;
				CLANG_WARN__DUPLICATE_METHOD_MATCH = YES;
				COPY_PHASE_STRIP = NO;
				DEBUG_INFORMATION_FORMAT = "dwarf-with-dsym";
				ENABLE_NS_ASSERTIONS = NO;
				ENABLE_STRICT_OBJC_MSGSEND = YES;
				GCC_C_LANGUAGE_STANDARD = gnu11;
				GCC_NO_COMMON_BLOCKS = YES;
				GCC_WARN_64_TO_32_BIT_CONVERSION = YES;
				GCC_WARN_ABOUT_RETURN_TYPE = YES_ERROR;
				GCC_WARN_UNDECLARED_SELECTOR = YES;
				GCC_WARN_UNINITIALIZED_AUTOS = YES_AGGRESSIVE;
				GCC_WARN_UNUSED_FUNCTION = YES;
				GCC_WARN_UNUSED_VARIABLE = YES;
				IPHONEOS_DEPLOYMENT_TARGET = 14.3;
				MTL_ENABLE_DEBUG_INFO = NO;
				MTL_FAST_MATH = YES;
				SDKROOT = iphoneos;
				SWIFT_COMPILATION_MODE = wholemodule;
				SWIFT_OPTIMIZATION_LEVEL = "-O";
				VALIDATE_PRODUCT = YES;
			};
			name = Release;
		};
		B433FFF6265C245A007DE3C7 /* Debug */ = {
			isa = XCBuildConfiguration;
			buildSettings = {
				ASSETCATALOG_COMPILER_APPICON_NAME = AppIcon;
				ASSETCATALOG_COMPILER_GLOBAL_ACCENT_COLOR_NAME = AccentColor;
				CODE_SIGN_STYLE = Automatic;
				DEVELOPMENT_TEAM = "";
				INFOPLIST_FILE = CiceSports/Info.plist;
				LD_RUNPATH_SEARCH_PATHS = (
					"$(inherited)",
					"@executable_path/Frameworks",
				);
				PRODUCT_BUNDLE_IDENTIFIER = com.icologic.co.iOS.CiceSports;
				PRODUCT_NAME = "$(TARGET_NAME)";
				SWIFT_VERSION = 5.0;
				TARGETED_DEVICE_FAMILY = 1;
			};
			name = Debug;
		};
		B433FFF7265C245A007DE3C7 /* Release */ = {
			isa = XCBuildConfiguration;
			buildSettings = {
				ASSETCATALOG_COMPILER_APPICON_NAME = AppIcon;
				ASSETCATALOG_COMPILER_GLOBAL_ACCENT_COLOR_NAME = AccentColor;
				CODE_SIGN_STYLE = Automatic;
				DEVELOPMENT_TEAM = "";
				INFOPLIST_FILE = CiceSports/Info.plist;
				LD_RUNPATH_SEARCH_PATHS = (
					"$(inherited)",
					"@executable_path/Frameworks",
				);
				PRODUCT_BUNDLE_IDENTIFIER = com.icologic.co.iOS.CiceSports;
				PRODUCT_NAME = "$(TARGET_NAME)";
				SWIFT_VERSION = 5.0;
				TARGETED_DEVICE_FAMILY = 1;
			};
			name = Release;
		};
/* End XCBuildConfiguration section */

/* Begin XCConfigurationList section */
		B433FFDC265C2456007DE3C7 /* Build configuration list for PBXProject "CiceSports" */ = {
			isa = XCConfigurationList;
			buildConfigurations = (
				B433FFF3265C245A007DE3C7 /* Debug */,
				B433FFF4265C245A007DE3C7 /* Release */,
			);
			defaultConfigurationIsVisible = 0;
			defaultConfigurationName = Release;
		};
		B433FFF5265C245A007DE3C7 /* Build configuration list for PBXNativeTarget "CiceSports" */ = {
			isa = XCConfigurationList;
			buildConfigurations = (
				B433FFF6265C245A007DE3C7 /* Debug */,
				B433FFF7265C245A007DE3C7 /* Release */,
			);
			defaultConfigurationIsVisible = 0;
			defaultConfigurationName = Release;
		};
/* End XCConfigurationList section */
	};
	rootObject = B433FFD9265C2456007DE3C7 /* Project object */;
}
